
Microsoft Visual Studio Solution File, Format Version 12.00
# Visual Studio Version 16
VisualStudioVersion = 16.0.30804.86
MinimumVisualStudioVersion = 15.0.26124.0
Project("{2150E333-8FDC-42A3-9474-1A3956D46DE8}") = "src", "src", "{603E82C8-73FD-4995-BFB9-470494224B1C}"
EndProject
Project("{9A19103F-16F7-4668-BE54-9A1E7A4F7556}") = "DevQuiz.TelegramBot", "src\DevQuiz.TelegramBot\DevQuiz.TelegramBot.csproj", "{F5CC0B73-60F1-43B3-B5F3-3C89208F46DB}"
EndProject
Project("{2150E333-8FDC-42A3-9474-1A3956D46DE8}") = "tests", "tests", "{B3F315F0-6856-4957-BEF4-0F64AAE39B5E}"
EndProject
Project("{9A19103F-16F7-4668-BE54-9A1E7A4F7556}") = "DevQuiz.Admin.DataAccess.Tests", "tests\DevQuiz.Admin.DataAccess.Tests\DevQuiz.Admin.DataAccess.Tests.csproj", "{35F4EC14-2FAB-43E2-A1CB-18F444829969}"
EndProject
Project("{9A19103F-16F7-4668-BE54-9A1E7A4F7556}") = "DevQuiz.Admin.Core.Tests", "tests\DevQuiz.Admin.Core.Tests\DevQuiz.Admin.Core.Tests.csproj", "{ED6D5B78-8E1B-4A06-BF2D-78EBCC76F9A3}"
EndProject
Project("{FAE04EC0-301F-11D3-BF4B-00C04F79EFBC}") = "TelegramBot.Tests", "tests\TelegramBot.Tests\TelegramBot.Tests.csproj", "{195C6112-7A34-4541-A827-BE7FB400CAE3}"
EndProject
Project("{2150E333-8FDC-42A3-9474-1A3956D46DE8}") = "common", "common", "{C92B72D7-6DF9-4447-A3FC-82B631F1BD7B}"
ProjectSection(SolutionItems) = preProject
	docker-compose.yml = docker-compose.yml
	.gitignore = .gitignore
	Directory.build.props = Directory.build.props
	Directory.build.targets = Directory.build.targets
EndProjectSection
EndProject
Project("{2150E333-8FDC-42A3-9474-1A3956D46DE8}") = "admin", "admin", "{72866713-3B25-44C1-A64E-74E48C14782E}"
EndProject
Project("{FAE04EC0-301F-11D3-BF4B-00C04F79EFBC}") = "DevQuiz.Admin.Core", "src\DevQuiz.Admin.Core\DevQuiz.Admin.Core.csproj", "{C7FA85DD-3BDA-4B36-9166-5DF3A246C630}"
EndProject
Project("{FAE04EC0-301F-11D3-BF4B-00C04F79EFBC}") = "DevQuiz.Admin.DataAccess", "src\DevQuiz.Admin.DataAccess\DevQuiz.Admin.DataAccess.csproj", "{6DB7278A-162B-4C02-BF50-EC8DFC5E8566}"
EndProject
Project("{FAE04EC0-301F-11D3-BF4B-00C04F79EFBC}") = "DevQuiz.Admin.Hosting", "src\DevQuiz.Admin.Hosting\DevQuiz.Admin.Hosting.csproj", "{485C1FC2-31DD-4670-B121-D8ED51B50C5B}"
EndProject
Project("{FAE04EC0-301F-11D3-BF4B-00C04F79EFBC}") = "DevQuiz.Admin.Services", "src\DevQuiz.Admin.Services\DevQuiz.Admin.Services.csproj", "{966B5344-CA61-418B-829C-EBFC3A32533C}"
EndProject
Project("{2150E333-8FDC-42A3-9474-1A3956D46DE8}") = "telegrambot", "telegrambot", "{A3302778-9232-4D09-AC9A-507AAF1618D6}"
EndProject
Project("{FAE04EC0-301F-11D3-BF4B-00C04F79EFBC}") = "DevQuiz.Admin.UI", "src\DevQuiz.Admin.UI\DevQuiz.Admin.UI.csproj", "{EC1B4413-6A87-4C45-A078-3519B21D8DB5}"
EndProject
Project("{FAE04EC0-301F-11D3-BF4B-00C04F79EFBC}") = "DevQuiz.Admin.Client.UI", "src\DevQuiz.Admin.Client.UI\DevQuiz.Admin.Client.UI.csproj", "{0295B968-307E-40C0-8B12-F2CE55DA7A6D}"
EndProject
Project("{FAE04EC0-301F-11D3-BF4B-00C04F79EFBC}") = "DevQuiz.Admin.Client", "src\DevQuiz.Admin.Client\DevQuiz.Admin.Client.csproj", "{592DEE78-497F-47E0-9C75-E0D8A1F4381B}"
EndProject
Project("{2150E333-8FDC-42A3-9474-1A3956D46DE8}") = "shared", "shared", "{1D983EB4-5947-4238-9E4E-F2CB9EF76658}"
EndProject
Project("{FAE04EC0-301F-11D3-BF4B-00C04F79EFBC}") = "DevQuiz.Shared.Models", "src\DevQuiz.Shared.Models\DevQuiz.Shared.Models.csproj", "{9B6CF684-4EE9-4DF7-95BA-FAB13DCE0FA6}"
EndProject
Global
	GlobalSection(SolutionConfigurationPlatforms) = preSolution
		Debug|Any CPU = Debug|Any CPU
		Debug|x64 = Debug|x64
		Debug|x86 = Debug|x86
		Release|Any CPU = Release|Any CPU
		Release|x64 = Release|x64
		Release|x86 = Release|x86
	EndGlobalSection
	GlobalSection(ProjectConfigurationPlatforms) = postSolution
		{F5CC0B73-60F1-43B3-B5F3-3C89208F46DB}.Debug|Any CPU.ActiveCfg = Debug|Any CPU
		{F5CC0B73-60F1-43B3-B5F3-3C89208F46DB}.Debug|Any CPU.Build.0 = Debug|Any CPU
		{F5CC0B73-60F1-43B3-B5F3-3C89208F46DB}.Debug|x64.ActiveCfg = Debug|Any CPU
		{F5CC0B73-60F1-43B3-B5F3-3C89208F46DB}.Debug|x64.Build.0 = Debug|Any CPU
		{F5CC0B73-60F1-43B3-B5F3-3C89208F46DB}.Debug|x86.ActiveCfg = Debug|Any CPU
		{F5CC0B73-60F1-43B3-B5F3-3C89208F46DB}.Debug|x86.Build.0 = Debug|Any CPU
		{F5CC0B73-60F1-43B3-B5F3-3C89208F46DB}.Release|Any CPU.ActiveCfg = Release|Any CPU
		{F5CC0B73-60F1-43B3-B5F3-3C89208F46DB}.Release|Any CPU.Build.0 = Release|Any CPU
		{F5CC0B73-60F1-43B3-B5F3-3C89208F46DB}.Release|x64.ActiveCfg = Release|Any CPU
		{F5CC0B73-60F1-43B3-B5F3-3C89208F46DB}.Release|x64.Build.0 = Release|Any CPU
		{F5CC0B73-60F1-43B3-B5F3-3C89208F46DB}.Release|x86.ActiveCfg = Release|Any CPU
		{F5CC0B73-60F1-43B3-B5F3-3C89208F46DB}.Release|x86.Build.0 = Release|Any CPU
		{35F4EC14-2FAB-43E2-A1CB-18F444829969}.Debug|Any CPU.ActiveCfg = Debug|Any CPU
		{35F4EC14-2FAB-43E2-A1CB-18F444829969}.Debug|Any CPU.Build.0 = Debug|Any CPU
		{35F4EC14-2FAB-43E2-A1CB-18F444829969}.Debug|x64.ActiveCfg = Debug|Any CPU
		{35F4EC14-2FAB-43E2-A1CB-18F444829969}.Debug|x64.Build.0 = Debug|Any CPU
		{35F4EC14-2FAB-43E2-A1CB-18F444829969}.Debug|x86.ActiveCfg = Debug|Any CPU
		{35F4EC14-2FAB-43E2-A1CB-18F444829969}.Debug|x86.Build.0 = Debug|Any CPU
		{35F4EC14-2FAB-43E2-A1CB-18F444829969}.Release|Any CPU.ActiveCfg = Release|Any CPU
		{35F4EC14-2FAB-43E2-A1CB-18F444829969}.Release|Any CPU.Build.0 = Release|Any CPU
		{35F4EC14-2FAB-43E2-A1CB-18F444829969}.Release|x64.ActiveCfg = Release|Any CPU
		{35F4EC14-2FAB-43E2-A1CB-18F444829969}.Release|x64.Build.0 = Release|Any CPU
		{35F4EC14-2FAB-43E2-A1CB-18F444829969}.Release|x86.ActiveCfg = Release|Any CPU
		{35F4EC14-2FAB-43E2-A1CB-18F444829969}.Release|x86.Build.0 = Release|Any CPU
		{ED6D5B78-8E1B-4A06-BF2D-78EBCC76F9A3}.Debug|Any CPU.ActiveCfg = Debug|Any CPU
		{ED6D5B78-8E1B-4A06-BF2D-78EBCC76F9A3}.Debug|Any CPU.Build.0 = Debug|Any CPU
		{ED6D5B78-8E1B-4A06-BF2D-78EBCC76F9A3}.Debug|x64.ActiveCfg = Debug|Any CPU
		{ED6D5B78-8E1B-4A06-BF2D-78EBCC76F9A3}.Debug|x64.Build.0 = Debug|Any CPU
		{ED6D5B78-8E1B-4A06-BF2D-78EBCC76F9A3}.Debug|x86.ActiveCfg = Debug|Any CPU
		{ED6D5B78-8E1B-4A06-BF2D-78EBCC76F9A3}.Debug|x86.Build.0 = Debug|Any CPU
		{ED6D5B78-8E1B-4A06-BF2D-78EBCC76F9A3}.Release|Any CPU.ActiveCfg = Release|Any CPU
		{ED6D5B78-8E1B-4A06-BF2D-78EBCC76F9A3}.Release|Any CPU.Build.0 = Release|Any CPU
		{ED6D5B78-8E1B-4A06-BF2D-78EBCC76F9A3}.Release|x64.ActiveCfg = Release|Any CPU
		{ED6D5B78-8E1B-4A06-BF2D-78EBCC76F9A3}.Release|x64.Build.0 = Release|Any CPU
		{ED6D5B78-8E1B-4A06-BF2D-78EBCC76F9A3}.Release|x86.ActiveCfg = Release|Any CPU
		{ED6D5B78-8E1B-4A06-BF2D-78EBCC76F9A3}.Release|x86.Build.0 = Release|Any CPU
		{195C6112-7A34-4541-A827-BE7FB400CAE3}.Debug|Any CPU.ActiveCfg = Debug|Any CPU
		{195C6112-7A34-4541-A827-BE7FB400CAE3}.Debug|Any CPU.Build.0 = Debug|Any CPU
		{195C6112-7A34-4541-A827-BE7FB400CAE3}.Debug|x64.ActiveCfg = Debug|Any CPU
		{195C6112-7A34-4541-A827-BE7FB400CAE3}.Debug|x64.Build.0 = Debug|Any CPU
		{195C6112-7A34-4541-A827-BE7FB400CAE3}.Debug|x86.ActiveCfg = Debug|Any CPU
		{195C6112-7A34-4541-A827-BE7FB400CAE3}.Debug|x86.Build.0 = Debug|Any CPU
		{195C6112-7A34-4541-A827-BE7FB400CAE3}.Release|Any CPU.ActiveCfg = Release|Any CPU
		{195C6112-7A34-4541-A827-BE7FB400CAE3}.Release|Any CPU.Build.0 = Release|Any CPU
		{195C6112-7A34-4541-A827-BE7FB400CAE3}.Release|x64.ActiveCfg = Release|Any CPU
		{195C6112-7A34-4541-A827-BE7FB400CAE3}.Release|x64.Build.0 = Release|Any CPU
		{195C6112-7A34-4541-A827-BE7FB400CAE3}.Release|x86.ActiveCfg = Release|Any CPU
		{195C6112-7A34-4541-A827-BE7FB400CAE3}.Release|x86.Build.0 = Release|Any CPU
		{C7FA85DD-3BDA-4B36-9166-5DF3A246C630}.Debug|Any CPU.ActiveCfg = Debug|Any CPU
		{C7FA85DD-3BDA-4B36-9166-5DF3A246C630}.Debug|Any CPU.Build.0 = Debug|Any CPU
		{C7FA85DD-3BDA-4B36-9166-5DF3A246C630}.Debug|x64.ActiveCfg = Debug|Any CPU
		{C7FA85DD-3BDA-4B36-9166-5DF3A246C630}.Debug|x64.Build.0 = Debug|Any CPU
		{C7FA85DD-3BDA-4B36-9166-5DF3A246C630}.Debug|x86.ActiveCfg = Debug|Any CPU
		{C7FA85DD-3BDA-4B36-9166-5DF3A246C630}.Debug|x86.Build.0 = Debug|Any CPU
		{C7FA85DD-3BDA-4B36-9166-5DF3A246C630}.Release|Any CPU.ActiveCfg = Release|Any CPU
		{C7FA85DD-3BDA-4B36-9166-5DF3A246C630}.Release|Any CPU.Build.0 = Release|Any CPU
		{C7FA85DD-3BDA-4B36-9166-5DF3A246C630}.Release|x64.ActiveCfg = Release|Any CPU
		{C7FA85DD-3BDA-4B36-9166-5DF3A246C630}.Release|x64.Build.0 = Release|Any CPU
		{C7FA85DD-3BDA-4B36-9166-5DF3A246C630}.Release|x86.ActiveCfg = Release|Any CPU
		{C7FA85DD-3BDA-4B36-9166-5DF3A246C630}.Release|x86.Build.0 = Release|Any CPU
		{6DB7278A-162B-4C02-BF50-EC8DFC5E8566}.Debug|Any CPU.ActiveCfg = Debug|Any CPU
		{6DB7278A-162B-4C02-BF50-EC8DFC5E8566}.Debug|Any CPU.Build.0 = Debug|Any CPU
		{6DB7278A-162B-4C02-BF50-EC8DFC5E8566}.Debug|x64.ActiveCfg = Debug|Any CPU
		{6DB7278A-162B-4C02-BF50-EC8DFC5E8566}.Debug|x64.Build.0 = Debug|Any CPU
		{6DB7278A-162B-4C02-BF50-EC8DFC5E8566}.Debug|x86.ActiveCfg = Debug|Any CPU
		{6DB7278A-162B-4C02-BF50-EC8DFC5E8566}.Debug|x86.Build.0 = Debug|Any CPU
		{6DB7278A-162B-4C02-BF50-EC8DFC5E8566}.Release|Any CPU.ActiveCfg = Release|Any CPU
		{6DB7278A-162B-4C02-BF50-EC8DFC5E8566}.Release|Any CPU.Build.0 = Release|Any CPU
		{6DB7278A-162B-4C02-BF50-EC8DFC5E8566}.Release|x64.ActiveCfg = Release|Any CPU
		{6DB7278A-162B-4C02-BF50-EC8DFC5E8566}.Release|x64.Build.0 = Release|Any CPU
		{6DB7278A-162B-4C02-BF50-EC8DFC5E8566}.Release|x86.ActiveCfg = Release|Any CPU
		{6DB7278A-162B-4C02-BF50-EC8DFC5E8566}.Release|x86.Build.0 = Release|Any CPU
		{485C1FC2-31DD-4670-B121-D8ED51B50C5B}.Debug|Any CPU.ActiveCfg = Debug|Any CPU
		{485C1FC2-31DD-4670-B121-D8ED51B50C5B}.Debug|Any CPU.Build.0 = Debug|Any CPU
		{485C1FC2-31DD-4670-B121-D8ED51B50C5B}.Debug|x64.ActiveCfg = Debug|Any CPU
		{485C1FC2-31DD-4670-B121-D8ED51B50C5B}.Debug|x64.Build.0 = Debug|Any CPU
		{485C1FC2-31DD-4670-B121-D8ED51B50C5B}.Debug|x86.ActiveCfg = Debug|Any CPU
		{485C1FC2-31DD-4670-B121-D8ED51B50C5B}.Debug|x86.Build.0 = Debug|Any CPU
		{485C1FC2-31DD-4670-B121-D8ED51B50C5B}.Release|Any CPU.ActiveCfg = Release|Any CPU
		{485C1FC2-31DD-4670-B121-D8ED51B50C5B}.Release|Any CPU.Build.0 = Release|Any CPU
		{485C1FC2-31DD-4670-B121-D8ED51B50C5B}.Release|x64.ActiveCfg = Release|Any CPU
		{485C1FC2-31DD-4670-B121-D8ED51B50C5B}.Release|x64.Build.0 = Release|Any CPU
		{485C1FC2-31DD-4670-B121-D8ED51B50C5B}.Release|x86.ActiveCfg = Release|Any CPU
		{485C1FC2-31DD-4670-B121-D8ED51B50C5B}.Release|x86.Build.0 = Release|Any CPU
		{966B5344-CA61-418B-829C-EBFC3A32533C}.Debug|Any CPU.ActiveCfg = Debug|Any CPU
		{966B5344-CA61-418B-829C-EBFC3A32533C}.Debug|Any CPU.Build.0 = Debug|Any CPU
		{966B5344-CA61-418B-829C-EBFC3A32533C}.Debug|x64.ActiveCfg = Debug|Any CPU
		{966B5344-CA61-418B-829C-EBFC3A32533C}.Debug|x64.Build.0 = Debug|Any CPU
		{966B5344-CA61-418B-829C-EBFC3A32533C}.Debug|x86.ActiveCfg = Debug|Any CPU
		{966B5344-CA61-418B-829C-EBFC3A32533C}.Debug|x86.Build.0 = Debug|Any CPU
		{966B5344-CA61-418B-829C-EBFC3A32533C}.Release|Any CPU.ActiveCfg = Release|Any CPU
		{966B5344-CA61-418B-829C-EBFC3A32533C}.Release|Any CPU.Build.0 = Release|Any CPU
		{966B5344-CA61-418B-829C-EBFC3A32533C}.Release|x64.ActiveCfg = Release|Any CPU
		{966B5344-CA61-418B-829C-EBFC3A32533C}.Release|x64.Build.0 = Release|Any CPU
		{966B5344-CA61-418B-829C-EBFC3A32533C}.Release|x86.ActiveCfg = Release|Any CPU
		{966B5344-CA61-418B-829C-EBFC3A32533C}.Release|x86.Build.0 = Release|Any CPU
		{EC1B4413-6A87-4C45-A078-3519B21D8DB5}.Debug|Any CPU.ActiveCfg = Debug|Any CPU
		{EC1B4413-6A87-4C45-A078-3519B21D8DB5}.Debug|Any CPU.Build.0 = Debug|Any CPU
		{EC1B4413-6A87-4C45-A078-3519B21D8DB5}.Debug|x64.ActiveCfg = Debug|Any CPU
		{EC1B4413-6A87-4C45-A078-3519B21D8DB5}.Debug|x64.Build.0 = Debug|Any CPU
		{EC1B4413-6A87-4C45-A078-3519B21D8DB5}.Debug|x86.ActiveCfg = Debug|Any CPU
		{EC1B4413-6A87-4C45-A078-3519B21D8DB5}.Debug|x86.Build.0 = Debug|Any CPU
		{EC1B4413-6A87-4C45-A078-3519B21D8DB5}.Release|Any CPU.ActiveCfg = Release|Any CPU
		{EC1B4413-6A87-4C45-A078-3519B21D8DB5}.Release|Any CPU.Build.0 = Release|Any CPU
		{EC1B4413-6A87-4C45-A078-3519B21D8DB5}.Release|x64.ActiveCfg = Release|Any CPU
		{EC1B4413-6A87-4C45-A078-3519B21D8DB5}.Release|x64.Build.0 = Release|Any CPU
		{EC1B4413-6A87-4C45-A078-3519B21D8DB5}.Release|x86.ActiveCfg = Release|Any CPU
		{EC1B4413-6A87-4C45-A078-3519B21D8DB5}.Release|x86.Build.0 = Release|Any CPU
		{0295B968-307E-40C0-8B12-F2CE55DA7A6D}.Debug|Any CPU.ActiveCfg = Debug|Any CPU
		{0295B968-307E-40C0-8B12-F2CE55DA7A6D}.Debug|Any CPU.Build.0 = Debug|Any CPU
		{0295B968-307E-40C0-8B12-F2CE55DA7A6D}.Debug|x64.ActiveCfg = Debug|Any CPU
		{0295B968-307E-40C0-8B12-F2CE55DA7A6D}.Debug|x64.Build.0 = Debug|Any CPU
		{0295B968-307E-40C0-8B12-F2CE55DA7A6D}.Debug|x86.ActiveCfg = Debug|Any CPU
		{0295B968-307E-40C0-8B12-F2CE55DA7A6D}.Debug|x86.Build.0 = Debug|Any CPU
		{0295B968-307E-40C0-8B12-F2CE55DA7A6D}.Release|Any CPU.ActiveCfg = Release|Any CPU
		{0295B968-307E-40C0-8B12-F2CE55DA7A6D}.Release|Any CPU.Build.0 = Release|Any CPU
		{0295B968-307E-40C0-8B12-F2CE55DA7A6D}.Release|x64.ActiveCfg = Release|Any CPU
		{0295B968-307E-40C0-8B12-F2CE55DA7A6D}.Release|x64.Build.0 = Release|Any CPU
		{0295B968-307E-40C0-8B12-F2CE55DA7A6D}.Release|x86.ActiveCfg = Release|Any CPU
		{0295B968-307E-40C0-8B12-F2CE55DA7A6D}.Release|x86.Build.0 = Release|Any CPU
		{592DEE78-497F-47E0-9C75-E0D8A1F4381B}.Debug|Any CPU.ActiveCfg = Debug|Any CPU
		{592DEE78-497F-47E0-9C75-E0D8A1F4381B}.Debug|Any CPU.Build.0 = Debug|Any CPU
		{592DEE78-497F-47E0-9C75-E0D8A1F4381B}.Debug|x64.ActiveCfg = Debug|Any CPU
		{592DEE78-497F-47E0-9C75-E0D8A1F4381B}.Debug|x64.Build.0 = Debug|Any CPU
		{592DEE78-497F-47E0-9C75-E0D8A1F4381B}.Debug|x86.ActiveCfg = Debug|Any CPU
		{592DEE78-497F-47E0-9C75-E0D8A1F4381B}.Debug|x86.Build.0 = Debug|Any CPU
		{592DEE78-497F-47E0-9C75-E0D8A1F4381B}.Release|Any CPU.ActiveCfg = Release|Any CPU
		{592DEE78-497F-47E0-9C75-E0D8A1F4381B}.Release|Any CPU.Build.0 = Release|Any CPU
		{592DEE78-497F-47E0-9C75-E0D8A1F4381B}.Release|x64.ActiveCfg = Release|Any CPU
		{592DEE78-497F-47E0-9C75-E0D8A1F4381B}.Release|x64.Build.0 = Release|Any CPU
		{592DEE78-497F-47E0-9C75-E0D8A1F4381B}.Release|x86.ActiveCfg = Release|Any CPU
		{592DEE78-497F-47E0-9C75-E0D8A1F4381B}.Release|x86.Build.0 = Release|Any CPU
		{9B6CF684-4EE9-4DF7-95BA-FAB13DCE0FA6}.Debug|Any CPU.ActiveCfg = Debug|Any CPU
		{9B6CF684-4EE9-4DF7-95BA-FAB13DCE0FA6}.Debug|Any CPU.Build.0 = Debug|Any CPU
		{9B6CF684-4EE9-4DF7-95BA-FAB13DCE0FA6}.Debug|x64.ActiveCfg = Debug|Any CPU
		{9B6CF684-4EE9-4DF7-95BA-FAB13DCE0FA6}.Debug|x64.Build.0 = Debug|Any CPU
		{9B6CF684-4EE9-4DF7-95BA-FAB13DCE0FA6}.Debug|x86.ActiveCfg = Debug|Any CPU
		{9B6CF684-4EE9-4DF7-95BA-FAB13DCE0FA6}.Debug|x86.Build.0 = Debug|Any CPU
		{9B6CF684-4EE9-4DF7-95BA-FAB13DCE0FA6}.Release|Any CPU.ActiveCfg = Release|Any CPU
		{9B6CF684-4EE9-4DF7-95BA-FAB13DCE0FA6}.Release|Any CPU.Build.0 = Release|Any CPU
		{9B6CF684-4EE9-4DF7-95BA-FAB13DCE0FA6}.Release|x64.ActiveCfg = Release|Any CPU
		{9B6CF684-4EE9-4DF7-95BA-FAB13DCE0FA6}.Release|x64.Build.0 = Release|Any CPU
		{9B6CF684-4EE9-4DF7-95BA-FAB13DCE0FA6}.Release|x86.ActiveCfg = Release|Any CPU
		{9B6CF684-4EE9-4DF7-95BA-FAB13DCE0FA6}.Release|x86.Build.0 = Release|Any CPU
	EndGlobalSection
	GlobalSection(SolutionProperties) = preSolution
		HideSolutionNode = FALSE
	EndGlobalSection
	GlobalSection(NestedProjects) = preSolution
		{35F4EC14-2FAB-43E2-A1CB-18F444829969} = {B3F315F0-6856-4957-BEF4-0F64AAE39B5E}
		{ED6D5B78-8E1B-4A06-BF2D-78EBCC76F9A3} = {B3F315F0-6856-4957-BEF4-0F64AAE39B5E}
		{195C6112-7A34-4541-A827-BE7FB400CAE3} = {B3F315F0-6856-4957-BEF4-0F64AAE39B5E}
		{72866713-3B25-44C1-A64E-74E48C14782E} = {603E82C8-73FD-4995-BFB9-470494224B1C}
		{C7FA85DD-3BDA-4B36-9166-5DF3A246C630} = {72866713-3B25-44C1-A64E-74E48C14782E}
		{6DB7278A-162B-4C02-BF50-EC8DFC5E8566} = {72866713-3B25-44C1-A64E-74E48C14782E}
		{485C1FC2-31DD-4670-B121-D8ED51B50C5B} = {72866713-3B25-44C1-A64E-74E48C14782E}
		{966B5344-CA61-418B-829C-EBFC3A32533C} = {72866713-3B25-44C1-A64E-74E48C14782E}
		{A3302778-9232-4D09-AC9A-507AAF1618D6} = {603E82C8-73FD-4995-BFB9-470494224B1C}
		{F5CC0B73-60F1-43B3-B5F3-3C89208F46DB} = {A3302778-9232-4D09-AC9A-507AAF1618D6}
		{EC1B4413-6A87-4C45-A078-3519B21D8DB5} = {72866713-3B25-44C1-A64E-74E48C14782E}
		{0295B968-307E-40C0-8B12-F2CE55DA7A6D} = {72866713-3B25-44C1-A64E-74E48C14782E}
		{592DEE78-497F-47E0-9C75-E0D8A1F4381B} = {72866713-3B25-44C1-A64E-74E48C14782E}
		{1D983EB4-5947-4238-9E4E-F2CB9EF76658} = {603E82C8-73FD-4995-BFB9-470494224B1C}
		{9B6CF684-4EE9-4DF7-95BA-FAB13DCE0FA6} = {1D983EB4-5947-4238-9E4E-F2CB9EF76658}
	EndGlobalSection
	GlobalSection(ExtensibilityGlobals) = postSolution
		SolutionGuid = {854A77BA-DAE1-451B-BEDE-0192686C21C1}
	EndGlobalSection
EndGlobal
