
Microsoft Visual Studio Solution File, Format Version 12.00
# Visual Studio Version 16
VisualStudioVersion = 16.0.30804.86
MinimumVisualStudioVersion = 15.0.26124.0
Project("{2150E333-8FDC-42A3-9474-1A3956D46DE8}") = "src", "src", "{603E82C8-73FD-4995-BFB9-470494224B1C}"
EndProject
Project("{9A19103F-16F7-4668-BE54-9A1E7A4F7556}") = "TelegramBot", "src\TelegramBot\TelegramBot.csproj", "{F5CC0B73-60F1-43B3-B5F3-3C89208F46DB}"
EndProject
Project("{2150E333-8FDC-42A3-9474-1A3956D46DE8}") = "libraries", "libraries", "{290D261A-A86F-4ED3-9E41-EBB9BDF0FEF7}"
EndProject
Project("{9A19103F-16F7-4668-BE54-9A1E7A4F7556}") = "Libraries.Core", "src\libraries\Libraries.Core\Libraries.Core.csproj", "{B3A63BA7-4152-4E96-8F9C-DA0E31728F61}"
EndProject
Project("{9A19103F-16F7-4668-BE54-9A1E7A4F7556}") = "Libraries.Data", "src\libraries\Libraries.Data\Libraries.Data.csproj", "{A839F7EF-4B8B-4C61-9D2D-1A1630394167}"
EndProject
Project("{9A19103F-16F7-4668-BE54-9A1E7A4F7556}") = "Libraries.Services", "src\libraries\Libraries.Services\Libraries.Services.csproj", "{0F328CB6-3AEB-45DA-AE1D-7B1D7E1F432D}"
EndProject
Project("{2150E333-8FDC-42A3-9474-1A3956D46DE8}") = "tests", "tests", "{B3F315F0-6856-4957-BEF4-0F64AAE39B5E}"
EndProject
Project("{9A19103F-16F7-4668-BE54-9A1E7A4F7556}") = "Libraries.Data.Tests", "tests\Libraries.Data.Tests\Libraries.Data.Tests.csproj", "{35F4EC14-2FAB-43E2-A1CB-18F444829969}"
EndProject
Project("{9A19103F-16F7-4668-BE54-9A1E7A4F7556}") = "Libraries.Core.Tests", "tests\Libraries.Core.Tests\Libraries.Core.Tests.csproj", "{ED6D5B78-8E1B-4A06-BF2D-78EBCC76F9A3}"
EndProject
Project("{FAE04EC0-301F-11D3-BF4B-00C04F79EFBC}") = "TelegramBot.Tests", "TelegramBot.Tests\TelegramBot.Tests.csproj", "{195C6112-7A34-4541-A827-BE7FB400CAE3}"
EndProject
Global
	GlobalSection(SolutionConfigurationPlatforms) = preSolution
		Debug|Any CPU = Debug|Any CPU
		Debug|x64 = Debug|x64
		Debug|x86 = Debug|x86
		Release|Any CPU = Release|Any CPU
		Release|x64 = Release|x64
		Release|x86 = Release|x86
	EndGlobalSection
	GlobalSection(ProjectConfigurationPlatforms) = postSolution
		{F5CC0B73-60F1-43B3-B5F3-3C89208F46DB}.Debug|Any CPU.ActiveCfg = Debug|Any CPU
		{F5CC0B73-60F1-43B3-B5F3-3C89208F46DB}.Debug|Any CPU.Build.0 = Debug|Any CPU
		{F5CC0B73-60F1-43B3-B5F3-3C89208F46DB}.Debug|x64.ActiveCfg = Debug|Any CPU
		{F5CC0B73-60F1-43B3-B5F3-3C89208F46DB}.Debug|x64.Build.0 = Debug|Any CPU
		{F5CC0B73-60F1-43B3-B5F3-3C89208F46DB}.Debug|x86.ActiveCfg = Debug|Any CPU
		{F5CC0B73-60F1-43B3-B5F3-3C89208F46DB}.Debug|x86.Build.0 = Debug|Any CPU
		{F5CC0B73-60F1-43B3-B5F3-3C89208F46DB}.Release|Any CPU.ActiveCfg = Release|Any CPU
		{F5CC0B73-60F1-43B3-B5F3-3C89208F46DB}.Release|Any CPU.Build.0 = Release|Any CPU
		{F5CC0B73-60F1-43B3-B5F3-3C89208F46DB}.Release|x64.ActiveCfg = Release|Any CPU
		{F5CC0B73-60F1-43B3-B5F3-3C89208F46DB}.Release|x64.Build.0 = Release|Any CPU
		{F5CC0B73-60F1-43B3-B5F3-3C89208F46DB}.Release|x86.ActiveCfg = Release|Any CPU
		{F5CC0B73-60F1-43B3-B5F3-3C89208F46DB}.Release|x86.Build.0 = Release|Any CPU
		{B3A63BA7-4152-4E96-8F9C-DA0E31728F61}.Debug|Any CPU.ActiveCfg = Debug|Any CPU
		{B3A63BA7-4152-4E96-8F9C-DA0E31728F61}.Debug|Any CPU.Build.0 = Debug|Any CPU
		{B3A63BA7-4152-4E96-8F9C-DA0E31728F61}.Debug|x64.ActiveCfg = Debug|Any CPU
		{B3A63BA7-4152-4E96-8F9C-DA0E31728F61}.Debug|x64.Build.0 = Debug|Any CPU
		{B3A63BA7-4152-4E96-8F9C-DA0E31728F61}.Debug|x86.ActiveCfg = Debug|Any CPU
		{B3A63BA7-4152-4E96-8F9C-DA0E31728F61}.Debug|x86.Build.0 = Debug|Any CPU
		{B3A63BA7-4152-4E96-8F9C-DA0E31728F61}.Release|Any CPU.ActiveCfg = Release|Any CPU
		{B3A63BA7-4152-4E96-8F9C-DA0E31728F61}.Release|Any CPU.Build.0 = Release|Any CPU
		{B3A63BA7-4152-4E96-8F9C-DA0E31728F61}.Release|x64.ActiveCfg = Release|Any CPU
		{B3A63BA7-4152-4E96-8F9C-DA0E31728F61}.Release|x64.Build.0 = Release|Any CPU
		{B3A63BA7-4152-4E96-8F9C-DA0E31728F61}.Release|x86.ActiveCfg = Release|Any CPU
		{B3A63BA7-4152-4E96-8F9C-DA0E31728F61}.Release|x86.Build.0 = Release|Any CPU
		{A839F7EF-4B8B-4C61-9D2D-1A1630394167}.Debug|Any CPU.ActiveCfg = Debug|Any CPU
		{A839F7EF-4B8B-4C61-9D2D-1A1630394167}.Debug|Any CPU.Build.0 = Debug|Any CPU
		{A839F7EF-4B8B-4C61-9D2D-1A1630394167}.Debug|x64.ActiveCfg = Debug|Any CPU
		{A839F7EF-4B8B-4C61-9D2D-1A1630394167}.Debug|x64.Build.0 = Debug|Any CPU
		{A839F7EF-4B8B-4C61-9D2D-1A1630394167}.Debug|x86.ActiveCfg = Debug|Any CPU
		{A839F7EF-4B8B-4C61-9D2D-1A1630394167}.Debug|x86.Build.0 = Debug|Any CPU
		{A839F7EF-4B8B-4C61-9D2D-1A1630394167}.Release|Any CPU.ActiveCfg = Release|Any CPU
		{A839F7EF-4B8B-4C61-9D2D-1A1630394167}.Release|Any CPU.Build.0 = Release|Any CPU
		{A839F7EF-4B8B-4C61-9D2D-1A1630394167}.Release|x64.ActiveCfg = Release|Any CPU
		{A839F7EF-4B8B-4C61-9D2D-1A1630394167}.Release|x64.Build.0 = Release|Any CPU
		{A839F7EF-4B8B-4C61-9D2D-1A1630394167}.Release|x86.ActiveCfg = Release|Any CPU
		{A839F7EF-4B8B-4C61-9D2D-1A1630394167}.Release|x86.Build.0 = Release|Any CPU
		{0F328CB6-3AEB-45DA-AE1D-7B1D7E1F432D}.Debug|Any CPU.ActiveCfg = Debug|Any CPU
		{0F328CB6-3AEB-45DA-AE1D-7B1D7E1F432D}.Debug|Any CPU.Build.0 = Debug|Any CPU
		{0F328CB6-3AEB-45DA-AE1D-7B1D7E1F432D}.Debug|x64.ActiveCfg = Debug|Any CPU
		{0F328CB6-3AEB-45DA-AE1D-7B1D7E1F432D}.Debug|x64.Build.0 = Debug|Any CPU
		{0F328CB6-3AEB-45DA-AE1D-7B1D7E1F432D}.Debug|x86.ActiveCfg = Debug|Any CPU
		{0F328CB6-3AEB-45DA-AE1D-7B1D7E1F432D}.Debug|x86.Build.0 = Debug|Any CPU
		{0F328CB6-3AEB-45DA-AE1D-7B1D7E1F432D}.Release|Any CPU.ActiveCfg = Release|Any CPU
		{0F328CB6-3AEB-45DA-AE1D-7B1D7E1F432D}.Release|Any CPU.Build.0 = Release|Any CPU
		{0F328CB6-3AEB-45DA-AE1D-7B1D7E1F432D}.Release|x64.ActiveCfg = Release|Any CPU
		{0F328CB6-3AEB-45DA-AE1D-7B1D7E1F432D}.Release|x64.Build.0 = Release|Any CPU
		{0F328CB6-3AEB-45DA-AE1D-7B1D7E1F432D}.Release|x86.ActiveCfg = Release|Any CPU
		{0F328CB6-3AEB-45DA-AE1D-7B1D7E1F432D}.Release|x86.Build.0 = Release|Any CPU
		{35F4EC14-2FAB-43E2-A1CB-18F444829969}.Debug|Any CPU.ActiveCfg = Debug|Any CPU
		{35F4EC14-2FAB-43E2-A1CB-18F444829969}.Debug|Any CPU.Build.0 = Debug|Any CPU
		{35F4EC14-2FAB-43E2-A1CB-18F444829969}.Debug|x64.ActiveCfg = Debug|Any CPU
		{35F4EC14-2FAB-43E2-A1CB-18F444829969}.Debug|x64.Build.0 = Debug|Any CPU
		{35F4EC14-2FAB-43E2-A1CB-18F444829969}.Debug|x86.ActiveCfg = Debug|Any CPU
		{35F4EC14-2FAB-43E2-A1CB-18F444829969}.Debug|x86.Build.0 = Debug|Any CPU
		{35F4EC14-2FAB-43E2-A1CB-18F444829969}.Release|Any CPU.ActiveCfg = Release|Any CPU
		{35F4EC14-2FAB-43E2-A1CB-18F444829969}.Release|Any CPU.Build.0 = Release|Any CPU
		{35F4EC14-2FAB-43E2-A1CB-18F444829969}.Release|x64.ActiveCfg = Release|Any CPU
		{35F4EC14-2FAB-43E2-A1CB-18F444829969}.Release|x64.Build.0 = Release|Any CPU
		{35F4EC14-2FAB-43E2-A1CB-18F444829969}.Release|x86.ActiveCfg = Release|Any CPU
		{35F4EC14-2FAB-43E2-A1CB-18F444829969}.Release|x86.Build.0 = Release|Any CPU
		{ED6D5B78-8E1B-4A06-BF2D-78EBCC76F9A3}.Debug|Any CPU.ActiveCfg = Debug|Any CPU
		{ED6D5B78-8E1B-4A06-BF2D-78EBCC76F9A3}.Debug|Any CPU.Build.0 = Debug|Any CPU
		{ED6D5B78-8E1B-4A06-BF2D-78EBCC76F9A3}.Debug|x64.ActiveCfg = Debug|Any CPU
		{ED6D5B78-8E1B-4A06-BF2D-78EBCC76F9A3}.Debug|x64.Build.0 = Debug|Any CPU
		{ED6D5B78-8E1B-4A06-BF2D-78EBCC76F9A3}.Debug|x86.ActiveCfg = Debug|Any CPU
		{ED6D5B78-8E1B-4A06-BF2D-78EBCC76F9A3}.Debug|x86.Build.0 = Debug|Any CPU
		{ED6D5B78-8E1B-4A06-BF2D-78EBCC76F9A3}.Release|Any CPU.ActiveCfg = Release|Any CPU
		{ED6D5B78-8E1B-4A06-BF2D-78EBCC76F9A3}.Release|Any CPU.Build.0 = Release|Any CPU
		{ED6D5B78-8E1B-4A06-BF2D-78EBCC76F9A3}.Release|x64.ActiveCfg = Release|Any CPU
		{ED6D5B78-8E1B-4A06-BF2D-78EBCC76F9A3}.Release|x64.Build.0 = Release|Any CPU
		{ED6D5B78-8E1B-4A06-BF2D-78EBCC76F9A3}.Release|x86.ActiveCfg = Release|Any CPU
		{ED6D5B78-8E1B-4A06-BF2D-78EBCC76F9A3}.Release|x86.Build.0 = Release|Any CPU
		{195C6112-7A34-4541-A827-BE7FB400CAE3}.Debug|Any CPU.ActiveCfg = Debug|Any CPU
		{195C6112-7A34-4541-A827-BE7FB400CAE3}.Debug|Any CPU.Build.0 = Debug|Any CPU
		{195C6112-7A34-4541-A827-BE7FB400CAE3}.Debug|x64.ActiveCfg = Debug|Any CPU
		{195C6112-7A34-4541-A827-BE7FB400CAE3}.Debug|x64.Build.0 = Debug|Any CPU
		{195C6112-7A34-4541-A827-BE7FB400CAE3}.Debug|x86.ActiveCfg = Debug|Any CPU
		{195C6112-7A34-4541-A827-BE7FB400CAE3}.Debug|x86.Build.0 = Debug|Any CPU
		{195C6112-7A34-4541-A827-BE7FB400CAE3}.Release|Any CPU.ActiveCfg = Release|Any CPU
		{195C6112-7A34-4541-A827-BE7FB400CAE3}.Release|Any CPU.Build.0 = Release|Any CPU
		{195C6112-7A34-4541-A827-BE7FB400CAE3}.Release|x64.ActiveCfg = Release|Any CPU
		{195C6112-7A34-4541-A827-BE7FB400CAE3}.Release|x64.Build.0 = Release|Any CPU
		{195C6112-7A34-4541-A827-BE7FB400CAE3}.Release|x86.ActiveCfg = Release|Any CPU
		{195C6112-7A34-4541-A827-BE7FB400CAE3}.Release|x86.Build.0 = Release|Any CPU
	EndGlobalSection
	GlobalSection(SolutionProperties) = preSolution
		HideSolutionNode = FALSE
	EndGlobalSection
	GlobalSection(NestedProjects) = preSolution
		{F5CC0B73-60F1-43B3-B5F3-3C89208F46DB} = {603E82C8-73FD-4995-BFB9-470494224B1C}
		{290D261A-A86F-4ED3-9E41-EBB9BDF0FEF7} = {603E82C8-73FD-4995-BFB9-470494224B1C}
		{B3A63BA7-4152-4E96-8F9C-DA0E31728F61} = {290D261A-A86F-4ED3-9E41-EBB9BDF0FEF7}
		{A839F7EF-4B8B-4C61-9D2D-1A1630394167} = {290D261A-A86F-4ED3-9E41-EBB9BDF0FEF7}
		{0F328CB6-3AEB-45DA-AE1D-7B1D7E1F432D} = {290D261A-A86F-4ED3-9E41-EBB9BDF0FEF7}
		{35F4EC14-2FAB-43E2-A1CB-18F444829969} = {B3F315F0-6856-4957-BEF4-0F64AAE39B5E}
		{ED6D5B78-8E1B-4A06-BF2D-78EBCC76F9A3} = {B3F315F0-6856-4957-BEF4-0F64AAE39B5E}
		{195C6112-7A34-4541-A827-BE7FB400CAE3} = {B3F315F0-6856-4957-BEF4-0F64AAE39B5E}
	EndGlobalSection
	GlobalSection(ExtensibilityGlobals) = postSolution
		SolutionGuid = {854A77BA-DAE1-451B-BEDE-0192686C21C1}
	EndGlobalSection
EndGlobal
